
Microsoft Visual Studio Solution File, Format Version 12.00
# Visual Studio Version 16
VisualStudioVersion = 16.0.31515.178
MinimumVisualStudioVersion = 10.0.40219.1
Project("{FAE04EC0-301F-11D3-BF4B-00C04F79EFBC}") = "classes-project", "classes-project.csproj", "{F340B30B-FBFB-455B-B524-0ECA5E37DA14}"
EndProject
Global
	GlobalSection(SolutionConfigurationPlatforms) = preSolution
		Debug|Any CPU = Debug|Any CPU
		Release|Any CPU = Release|Any CPU
	EndGlobalSection
	GlobalSection(ProjectConfigurationPlatforms) = postSolution
		{F340B30B-FBFB-455B-B524-0ECA5E37DA14}.Debug|Any CPU.ActiveCfg = Debug|Any CPU
		{F340B30B-FBFB-455B-B524-0ECA5E37DA14}.Debug|Any CPU.Build.0 = Debug|Any CPU
		{F340B30B-FBFB-455B-B524-0ECA5E37DA14}.Release|Any CPU.ActiveCfg = Release|Any CPU
		{F340B30B-FBFB-455B-B524-0ECA5E37DA14}.Release|Any CPU.Build.0 = Release|Any CPU
	EndGlobalSection
	GlobalSection(SolutionProperties) = preSolution
		HideSolutionNode = FALSE
	EndGlobalSection
	GlobalSection(ExtensibilityGlobals) = postSolution
		SolutionGuid = {67E1ED92-7E96-492E-892A-B659ED3734B4}
	EndGlobalSection
EndGlobal
